PODS:
  - ExtensionCollection (0.3.1)
  - FBSnapshotTestCase (2.1.4):
    - FBSnapshotTestCase/SwiftSupport (= 2.1.4)
  - FBSnapshotTestCase/Core (2.1.4)
  - FBSnapshotTestCase/SwiftSupport (2.1.4):
    - FBSnapshotTestCase/Core

DEPENDENCIES:
  - ExtensionCollection (from `../`)
  - FBSnapshotTestCase (~> 2.1.4)

SPEC REPOS:
  trunk:
    - FBSnapshotTestCase

EXTERNAL SOURCES:
  ExtensionCollection:
    :path: "../"

SPEC CHECKSUMS:
  ExtensionCollection: 482484f8579bd6e0d803e8ae4cb88264e9872325
  FBSnapshotTestCase: 094f9f314decbabe373b87cc339bea235a63e07a

PODFILE CHECKSUM: 739ae8ffeaeeef8d564458ed7ba3d1756d26734c

COCOAPODS: 1.12.1
